{
    "_meta": {
        "hash": {
            "sha256": "46caf4ccebebf12cff3658408023cc1b1cb960e1c4857689d4e28620f6bc9d15"
        },
        "pipfile-spec": 6,
        "requires": {
            "python_version": "3.8"
        },
        "sources": [
            {
                "name": "pypi",
                "url": "https://pypi.org/simple",
                "verify_ssl": true
            }
        ]
    },
    "default": {
        "asgiref": {
            "hashes": [
                "sha256:5ee950735509d04eb673bd7f7120f8fa1c9e2df495394992c73234d526907e17",
                "sha256:7162a3cb30ab0609f1a4c95938fd73e8604f63bdba516a7f7d64b83ff09478f0"
            ],
            "index": "pypi",
            "version": "==3.3.1"
        },
        "async-lru": {
            "hashes": [
                "sha256:baa898027619f5cc31b7966f96f00e4fc0df43ba206a8940a5d1af5336a477cb"
            ],
            "version": "==1.0.2"
        },
        "autopep8": {
            "hashes": [
                "sha256:d21d3901cb0da6ebd1e83fc9b0dfbde8b46afc2ede4fe32fbda0c7c6118ca094"
            ],
            "index": "pypi",
            "version": "==1.5.4"
        },
        "dj-database-url": {
            "hashes": [
                "sha256:4aeaeb1f573c74835b0686a2b46b85990571159ffc21aa57ecd4d1e1cb334163",
                "sha256:851785365761ebe4994a921b433062309eb882fedd318e1b0fcecc607ed02da9"
            ],
            "index": "pypi",
            "version": "==0.5.0"
        },
        "django": {
            "hashes": [
                "sha256:296d10092561a1cf16100885b935dc56cf09c8ccb114e64004554941677c6342",
                "sha256:f5c3f1ce2473abf2f35d992c46d5534e53bd3397867689bde28fd29e856b46b7"
            ],
            "index": "pypi",
            "version": "==3.1.9"
        },
        "gunicorn": {
            "hashes": [
                "sha256:1904bb2b8a43658807108d59c3f3d56c2b6121a701161de0ddf9ad140073c626",
                "sha256:cd4a810dd51bf497552cf3f863b575dabd73d6ad6a91075b65936b151cbf4f9c"
            ],
            "index": "pypi",
            "version": "==20.0.4"
        },
        "pyaes": {
            "hashes": [
                "sha256:02c1b1405c38d3c370b085fb952dd8bea3fadcee6411ad99f312cc129c536d8f"
            ],
            "version": "==1.6.1"
        },
        "pycodestyle": {
            "hashes": [
                "sha256:2295e7b2f6b5bd100585ebcb1f616591b652db8a741695b3d8f5d28bdc934367",
                "sha256:c58a7d2815e0e8d7972bf1803331fb0152f867bd89adf8a01dfd55085434192e"
            ],
            "index": "pypi",
            "version": "==2.6.0"
        },
        "pyrogram": {
            "hashes": [
                "sha256:95beff6eb1dbee38a96405a0d6600fda5ccbc8a9f29e693543f45b3a2ef0245b",
                "sha256:bc8a5bd7fdbd56271b43561f5ea01cf7a983074d1ab799dabeb531fe279dcc6f"
            ],
            "index": "pypi",
            "version": "==1.0.7"
        },
        "pysocks": {
            "hashes": [
                "sha256:08e69f092cc6dbe92a0fdd16eeb9b9ffbc13cadfe5ca4c7bd92ffb078b293299",
                "sha256:2725bd0a9925919b9b51739eea5f9e2bae91e83288108a9ad338b2e3a4435ee5",
                "sha256:3f8804571ebe159c380ac6de37643bb4685970655d3bba243530d6558b799aa0"
            ],
            "version": "==1.7.1"
        },
        "pytz": {
            "hashes": [
                "sha256:3e6b7dd2d1e0a59084bcee14a17af60c5c562cdc16d828e8eba2e683d3a7e268",
                "sha256:5c55e189b682d420be27c6995ba6edce0c0a77dd67bfbe2ae6607134d5851ffd"
            ],
            "index": "pypi",
            "version": "==2020.4"
        },
        "sqlparse": {
            "hashes": [
                "sha256:017cde379adbd6a1f15a61873f43e8274179378e95ef3fede90b5aa64d304ed0",
                "sha256:0f91fd2e829c44362cbcfab3e9ae12e22badaa8a29ad5ff599f9ec109f0454e8"
            ],
            "index": "pypi",
            "version": "==0.4.1"
        },
        "tgcrypto": {
            "hashes": [
                "sha256:0c7fe235c703099d2ed27d6b4d51823625b84315af2f20aec07420260ef6543e",
                "sha256:0efb29c804be7c2a66ea0855665d6196e0643f17f6e2c2c768aa0b5b784690de",
                "sha256:1292a586bbf161d23beeacc0ddf5b26553c875d380d14d08b6c2283dabd05447",
                "sha256:1d2223d3700590b63df905b825f7e01aee1da7a7309d0a7cd8496fe0cfce9a0c",
                "sha256:2073aa6bbc809a56ae3d54e0f496cacaee6e5cb7c08682153c992eae72b4fbb8",
                "sha256:230cb83d87ed9d289445801483de35035d60f14811a601c3b80dbf68fdb15a18",
                "sha256:36a06b45e5776a463b1484b0810c9ce0c79d16ee954ace5fe98fc63c6fe6244d",
                "sha256:37259c0a81d9170a1c9213d898e3ad2ec2973be361428e92be722f8af2029fb9",
                "sha256:3cd17b033754c7dc08b346ac430e81a162a143bb42a7ffc5b8420872e5432f51",
                "sha256:476a413105d96b6f87a5f58b13e2de3b5328cdc98c426758727dd1f8049bca65",
                "sha256:4a6c9d045a68eda43e4064aba32dbf1c40472143ed88f20315dfad867f9cddfb",
                "sha256:611a02defa3dc0c4ead98987992cb7d967c4741f477a27fececd31da367b2046",
                "sha256:6efe4b3f050fe6c3bd820abf4a4c0854ea5fcb934bf76a9155e51347fc7d6796",
                "sha256:7465a7df82cd8f79ea434f3e958d010fb5db80099f4034d441f2d6119afbdc9c",
                "sha256:8160b2f0c4b9e5672567d53f5a0f4d5c1ada54021dc93225b38a802ffa42b4e0",
                "sha256:8ee83902dd1e8bee467df6b58acb5e08e72a655afa1da655561d3e73edbef936",
                "sha256:99154a515f68e75ddf76082c64eae522fe08620d9bcf8ebbf1d2f931bed07781",
                "sha256:a0238007a6a68b7a99d118cfaa49a72b024a5bc3f7e9a60b07c1ba850a8d1d45",
                "sha256:aa13cd10e8edf2520f3bff4f3327347e2883945c8b8c4a55f2b886f61cac13fa",
                "sha256:ab0cc75142fab303bb7c8be5c60f0bff02378921d7cb3269db5d46bbc6c1792b",
                "sha256:b5c7cb0e179c29b77f1b2b806edb7d01d9b4f205ca4f65c40375a3bb6a43bea4",
                "sha256:bca8bcc1432d00955110173d0acd8410e2911ed9c8d05afae1a2ace4748314f1",
                "sha256:bf210e4d7320d75737092bbb9f67b8d5fd2146fd2dc6786337961acbc9d94945",
                "sha256:c7d1180c63b9cf774d474a0c6c27d7f3ee367d808589bbe218e4567ebc6bd4df",
                "sha256:c89c25678704890ebe653ee528046844eb8470d205235a21c9db91cd4d12ed85",
                "sha256:cad01599f511c502518f99869069d311a9e3df37324e077ca5742061395daa84",
                "sha256:cb9c74812093554de4c99578758753a3034a62ad23672e4b80ce8381ec93eb6f",
                "sha256:d118dd9f297406d385d2bdd6e92ecc3a8443ea1c35ce70b4e892ce95c3808fb5",
                "sha256:d4e1b08733c09c0056ede44366ebe65cec7a5f19b78ff009aacbc9ac9158fcf6",
                "sha256:df1d7bc592309eab34ea132f41acc2d7d6e0756ec5fbc0263922cb0e0326c6ef",
                "sha256:e2c95040772d7db6c4ae55868de38c218c806edbef969f6de17983a2663b9699",
                "sha256:e34917079682579a90dbcadb6b44bc3cbb73efb1657e7dc19839de2428922d30",
                "sha256:feb71d6865cbf781ef36aeca075b6b86a19f3367958677ecd4912c69f25aa0af"
            ],
            "index": "pypi",
            "version": "==1.2.2"
        },
        "toml": {
            "hashes": [
                "sha256:806143ae5bfb6a3c6e736a764057db0e6a0e05e338b5630894a5f779cabb4f9b",
                "sha256:b3bda1d108d5dd99f4a20d24d9c348e91c4db7ab1b749200bded2f839ccbe68f"
            ],
            "version": "==0.10.2"
        },
        "unipath": {
            "hashes": [
                "sha256:09839adcc72e8a24d4f76d63656f30b5a1f721fc40c9bcd79d8c67bdd8b47dae",
                "sha256:e6257e508d8abbfb6ddd8ec357e33589f1f48b1599127f23b017124d90b0fff7"
            ],
            "index": "pypi",
            "version": "==1.1"
        },
        "whitenoise": {
            "hashes": [
                "sha256:05ce0be39ad85740a78750c86a93485c40f08ad8c62a6006de0233765996e5c7",
                "sha256:05d00198c777028d72d8b0bbd234db605ef6d60e9410125124002518a48e515d"
            ],
            "index": "pypi",
            "version": "==5.2.0"
        }
    },
    "develop": {}
}
